
Microsoft Visual Studio Solution File, Format Version 12.00
# Visual Studio 15
VisualStudioVersion = 15.0.26730.15
MinimumVisualStudioVersion = 10.0.40219.1
Project("{FAE04EC0-301F-11D3-BF4B-00C04F79EFBC}") = "DebugProtokoll", "DebugProtokoll\DebugProtokoll.csproj", "{2E6B5EA8-A954-4A4E-9322-D161863B2A30}"
EndProject
Project("{FAE04EC0-301F-11D3-BF4B-00C04F79EFBC}") = "RaspiBigGui", "RaspiBigGui\RaspiBigGui.csproj", "{01A9FADA-63E8-4C7A-9462-6B6F9B3E82EF}"
EndProject
Project("{FAE04EC0-301F-11D3-BF4B-00C04F79EFBC}") = "DemoGui", "DemoGui\DemoGui.csproj", "{F20C732C-3F3F-4320-9542-D94309D90E24}"
EndProject
Project("{FAE04EC0-301F-11D3-BF4B-00C04F79EFBC}") = "Vertrag", "Vertrag\Vertrag.csproj", "{B3017417-335E-4EFA-AB9A-23C50A42E3AB}"
EndProject
Project("{FAE04EC0-301F-11D3-BF4B-00C04F79EFBC}") = "ServerReadData", "ServerReadData\ServerReadData.csproj", "{D52EA45B-0465-4B60-8804-1FAB7962E610}"
EndProject
Project("{FAE04EC0-301F-11D3-BF4B-00C04F79EFBC}") = "Automat_GUI", "Automat\Automat_GUI.csproj", "{179BF664-79E9-4273-B6EB-B3DA8A1CA5C5}"
EndProject
Global
	GlobalSection(SolutionConfigurationPlatforms) = preSolution
		Debug|Any CPU = Debug|Any CPU
		Release|Any CPU = Release|Any CPU
	EndGlobalSection
	GlobalSection(ProjectConfigurationPlatforms) = postSolution
		{2E6B5EA8-A954-4A4E-9322-D161863B2A30}.Debug|Any CPU.ActiveCfg = Debug|Any CPU
		{2E6B5EA8-A954-4A4E-9322-D161863B2A30}.Debug|Any CPU.Build.0 = Debug|Any CPU
		{2E6B5EA8-A954-4A4E-9322-D161863B2A30}.Release|Any CPU.ActiveCfg = Release|Any CPU
		{01A9FADA-63E8-4C7A-9462-6B6F9B3E82EF}.Debug|Any CPU.ActiveCfg = Debug|Any CPU
		{01A9FADA-63E8-4C7A-9462-6B6F9B3E82EF}.Debug|Any CPU.Build.0 = Debug|Any CPU
		{01A9FADA-63E8-4C7A-9462-6B6F9B3E82EF}.Release|Any CPU.ActiveCfg = Release|Any CPU
		{01A9FADA-63E8-4C7A-9462-6B6F9B3E82EF}.Release|Any CPU.Build.0 = Release|Any CPU
		{F20C732C-3F3F-4320-9542-D94309D90E24}.Debug|Any CPU.ActiveCfg = Debug|Any CPU
		{F20C732C-3F3F-4320-9542-D94309D90E24}.Debug|Any CPU.Build.0 = Debug|Any CPU
		{F20C732C-3F3F-4320-9542-D94309D90E24}.Release|Any CPU.ActiveCfg = Release|Any CPU
		{F20C732C-3F3F-4320-9542-D94309D90E24}.Release|Any CPU.Build.0 = Release|Any CPU
		{B3017417-335E-4EFA-AB9A-23C50A42E3AB}.Debug|Any CPU.ActiveCfg = Debug|Any CPU
		{B3017417-335E-4EFA-AB9A-23C50A42E3AB}.Debug|Any CPU.Build.0 = Debug|Any CPU
		{B3017417-335E-4EFA-AB9A-23C50A42E3AB}.Release|Any CPU.ActiveCfg = Release|Any CPU
		{B3017417-335E-4EFA-AB9A-23C50A42E3AB}.Release|Any CPU.Build.0 = Release|Any CPU
		{D52EA45B-0465-4B60-8804-1FAB7962E610}.Debug|Any CPU.ActiveCfg = Debug|Any CPU
		{D52EA45B-0465-4B60-8804-1FAB7962E610}.Debug|Any CPU.Build.0 = Debug|Any CPU
		{D52EA45B-0465-4B60-8804-1FAB7962E610}.Release|Any CPU.ActiveCfg = Release|Any CPU
		{D52EA45B-0465-4B60-8804-1FAB7962E610}.Release|Any CPU.Build.0 = Release|Any CPU
		{179BF664-79E9-4273-B6EB-B3DA8A1CA5C5}.Debug|Any CPU.ActiveCfg = Debug|Any CPU
		{179BF664-79E9-4273-B6EB-B3DA8A1CA5C5}.Debug|Any CPU.Build.0 = Debug|Any CPU
		{179BF664-79E9-4273-B6EB-B3DA8A1CA5C5}.Release|Any CPU.ActiveCfg = Release|Any CPU
		{179BF664-79E9-4273-B6EB-B3DA8A1CA5C5}.Release|Any CPU.Build.0 = Release|Any CPU
	EndGlobalSection
	GlobalSection(SolutionProperties) = preSolution
		HideSolutionNode = FALSE
	EndGlobalSection
	GlobalSection(ExtensibilityGlobals) = postSolution
		SolutionGuid = {95BC135C-3452-4830-B2D5-189ECD364B58}
	EndGlobalSection
EndGlobal
